
Microsoft Visual Studio Solution File, Format Version 12.00
# Visual Studio 15
VisualStudioVersion = 15.0.27703.2047
MinimumVisualStudioVersion = 10.0.40219.1
Project("{9A19103F-16F7-4668-BE54-9A1E7A4F7556}") = "angularCore", "angularCore.csproj", "{EF3F229F-4B5A-454E-85B5-D3A26A38178B}"
EndProject
Global
	GlobalSection(SolutionConfigurationPlatforms) = preSolution
		Debug|Any CPU = Debug|Any CPU
		Release|Any CPU = Release|Any CPU
	EndGlobalSection
	GlobalSection(ProjectConfigurationPlatforms) = postSolution
		{EF3F229F-4B5A-454E-85B5-D3A26A38178B}.Debug|Any CPU.ActiveCfg = Debug|Any CPU
		{EF3F229F-4B5A-454E-85B5-D3A26A38178B}.Debug|Any CPU.Build.0 = Debug|Any CPU
		{EF3F229F-4B5A-454E-85B5-D3A26A38178B}.Release|Any CPU.ActiveCfg = Release|Any CPU
		{EF3F229F-4B5A-454E-85B5-D3A26A38178B}.Release|Any CPU.Build.0 = Release|Any CPU
	EndGlobalSection
	GlobalSection(SolutionProperties) = preSolution
		HideSolutionNode = FALSE
	EndGlobalSection
	GlobalSection(ExtensibilityGlobals) = postSolution
		SolutionGuid = {1B4367CC-C859-4BDD-8197-4E739E99B6DA}
	EndGlobalSection
EndGlobal
