
Microsoft Visual Studio Solution File, Format Version 12.00
# Visual Studio Version 16
VisualStudioVersion = 16.0.30428.66
MinimumVisualStudioVersion = 10.0.40219.1
Project("{9A19103F-16F7-4668-BE54-9A1E7A4F7556}") = "DragMvc", "DragDrop\MvcDrag\DragMvc.csproj", "{DE39F1D6-1415-4EA1-AB2C-3DE5D3849C5A}"
EndProject
Project("{9A19103F-16F7-4668-BE54-9A1E7A4F7556}") = "DragWpf", "DragDrop\WpfApplication1\DragWpf.csproj", "{4DA1668B-DF2E-49B3-82C7-1D12092A1F59}"
EndProject
Project("{FAE04EC0-301F-11D3-BF4B-00C04F79EFBC}") = "RxSignalrWpf", "RxSignalR\WpfApplication1\RxSignalrWpf.csproj", "{B7253637-3CDB-4774-8B4E-9E5E32C32214}"
EndProject
Project("{2150E333-8FDC-42A3-9474-1A3956D46DE8}") = ".nuget", ".nuget", "{8BC4A13A-E045-4F9A-A313-D2F63713AB2E}"
	ProjectSection(SolutionItems) = preProject
		.nuget\packages.config = .nuget\packages.config
	EndProjectSection
EndProject
Project("{9A19103F-16F7-4668-BE54-9A1E7A4F7556}") = "SharpConsole", "RxSignalR\SharpConsole\SharpConsole.csproj", "{2D53F4A5-73A3-4FD5-9C7A-E415319EB9B8}"
EndProject
Project("{9A19103F-16F7-4668-BE54-9A1E7A4F7556}") = "RxSignalrSharpWeb", "RxSignalR\RxSignalrSharpWeb\RxSignalrSharpWeb.csproj", "{6B7EB6EE-9EA8-4291-94BF-006B54FE2C2E}"
EndProject
Global
	GlobalSection(SolutionConfigurationPlatforms) = preSolution
		Debug|Any CPU = Debug|Any CPU
		Release|Any CPU = Release|Any CPU
	EndGlobalSection
	GlobalSection(ProjectConfigurationPlatforms) = postSolution
		{DE39F1D6-1415-4EA1-AB2C-3DE5D3849C5A}.Debug|Any CPU.ActiveCfg = Debug|Any CPU
		{DE39F1D6-1415-4EA1-AB2C-3DE5D3849C5A}.Debug|Any CPU.Build.0 = Debug|Any CPU
		{DE39F1D6-1415-4EA1-AB2C-3DE5D3849C5A}.Release|Any CPU.ActiveCfg = Release|Any CPU
		{DE39F1D6-1415-4EA1-AB2C-3DE5D3849C5A}.Release|Any CPU.Build.0 = Release|Any CPU
		{4DA1668B-DF2E-49B3-82C7-1D12092A1F59}.Debug|Any CPU.ActiveCfg = Debug|Any CPU
		{4DA1668B-DF2E-49B3-82C7-1D12092A1F59}.Debug|Any CPU.Build.0 = Debug|Any CPU
		{4DA1668B-DF2E-49B3-82C7-1D12092A1F59}.Release|Any CPU.ActiveCfg = Release|Any CPU
		{4DA1668B-DF2E-49B3-82C7-1D12092A1F59}.Release|Any CPU.Build.0 = Release|Any CPU
		{B7253637-3CDB-4774-8B4E-9E5E32C32214}.Debug|Any CPU.ActiveCfg = Debug|Any CPU
		{B7253637-3CDB-4774-8B4E-9E5E32C32214}.Debug|Any CPU.Build.0 = Debug|Any CPU
		{B7253637-3CDB-4774-8B4E-9E5E32C32214}.Release|Any CPU.ActiveCfg = Release|Any CPU
		{B7253637-3CDB-4774-8B4E-9E5E32C32214}.Release|Any CPU.Build.0 = Release|Any CPU
		{2D53F4A5-73A3-4FD5-9C7A-E415319EB9B8}.Debug|Any CPU.ActiveCfg = Debug|Any CPU
		{2D53F4A5-73A3-4FD5-9C7A-E415319EB9B8}.Debug|Any CPU.Build.0 = Debug|Any CPU
		{2D53F4A5-73A3-4FD5-9C7A-E415319EB9B8}.Release|Any CPU.ActiveCfg = Release|Any CPU
		{2D53F4A5-73A3-4FD5-9C7A-E415319EB9B8}.Release|Any CPU.Build.0 = Release|Any CPU
		{6B7EB6EE-9EA8-4291-94BF-006B54FE2C2E}.Debug|Any CPU.ActiveCfg = Debug|Any CPU
		{6B7EB6EE-9EA8-4291-94BF-006B54FE2C2E}.Debug|Any CPU.Build.0 = Debug|Any CPU
		{6B7EB6EE-9EA8-4291-94BF-006B54FE2C2E}.Release|Any CPU.ActiveCfg = Release|Any CPU
		{6B7EB6EE-9EA8-4291-94BF-006B54FE2C2E}.Release|Any CPU.Build.0 = Release|Any CPU
	EndGlobalSection
	GlobalSection(SolutionProperties) = preSolution
		HideSolutionNode = FALSE
	EndGlobalSection
	GlobalSection(ExtensibilityGlobals) = postSolution
		SolutionGuid = {6DAAE9C7-B1F9-4399-A58C-F87FBF70E59F}
	EndGlobalSection
EndGlobal
