
Microsoft Visual Studio Solution File, Format Version 12.00
# Visual Studio 2013
VisualStudioVersion = 12.0.30501.0
MinimumVisualStudioVersion = 10.0.40219.1
Project("{FAE04EC0-301F-11D3-BF4B-00C04F79EFBC}") = "WpfApplication1", "WebApplication1\WpfApplication1\WpfApplication1.csproj", "{4DA1668B-DF2E-49B3-82C7-1D12092A1F59}"
EndProject
Project("{2150E333-8FDC-42A3-9474-1A3956D46DE8}") = ".nuget", ".nuget", "{F053A06B-A21F-4602-AEE8-7EAA2C807AAD}"
	ProjectSection(SolutionItems) = preProject
		WebApplication1\.nuget\NuGet.Config = WebApplication1\.nuget\NuGet.Config
		WebApplication1\.nuget\NuGet.exe = WebApplication1\.nuget\NuGet.exe
		WebApplication1\.nuget\NuGet.targets = WebApplication1\.nuget\NuGet.targets
	EndProjectSection
EndProject
Project("{FAE04EC0-301F-11D3-BF4B-00C04F79EFBC}") = "MvcDrag", "WebApplication1\MvcDrag\MvcDrag.csproj", "{DE39F1D6-1415-4EA1-AB2C-3DE5D3849C5A}"
EndProject
Global
	GlobalSection(SolutionConfigurationPlatforms) = preSolution
		Debug|Any CPU = Debug|Any CPU
		Release|Any CPU = Release|Any CPU
	EndGlobalSection
	GlobalSection(ProjectConfigurationPlatforms) = postSolution
		{4DA1668B-DF2E-49B3-82C7-1D12092A1F59}.Debug|Any CPU.ActiveCfg = Debug|Any CPU
		{4DA1668B-DF2E-49B3-82C7-1D12092A1F59}.Debug|Any CPU.Build.0 = Debug|Any CPU
		{4DA1668B-DF2E-49B3-82C7-1D12092A1F59}.Release|Any CPU.ActiveCfg = Release|Any CPU
		{4DA1668B-DF2E-49B3-82C7-1D12092A1F59}.Release|Any CPU.Build.0 = Release|Any CPU
		{DE39F1D6-1415-4EA1-AB2C-3DE5D3849C5A}.Debug|Any CPU.ActiveCfg = Debug|Any CPU
		{DE39F1D6-1415-4EA1-AB2C-3DE5D3849C5A}.Debug|Any CPU.Build.0 = Debug|Any CPU
		{DE39F1D6-1415-4EA1-AB2C-3DE5D3849C5A}.Release|Any CPU.ActiveCfg = Release|Any CPU
		{DE39F1D6-1415-4EA1-AB2C-3DE5D3849C5A}.Release|Any CPU.Build.0 = Release|Any CPU
	EndGlobalSection
	GlobalSection(SolutionProperties) = preSolution
		HideSolutionNode = FALSE
	EndGlobalSection
EndGlobal
