
Microsoft Visual Studio Solution File, Format Version 12.00
# Visual Studio Version 16
VisualStudioVersion = 16.0.28803.202
MinimumVisualStudioVersion = 10.0.40219.1
Project("{9A19103F-16F7-4668-BE54-9A1E7A4F7556}") = "angularCore", "angularCore.csproj", "{73121BE3-8D69-4EF7-8DAA-03AE00C15484}"
EndProject
Global
	GlobalSection(SolutionConfigurationPlatforms) = preSolution
		Debug|Any CPU = Debug|Any CPU
		Release|Any CPU = Release|Any CPU
	EndGlobalSection
	GlobalSection(ProjectConfigurationPlatforms) = postSolution
		{73121BE3-8D69-4EF7-8DAA-03AE00C15484}.Debug|Any CPU.ActiveCfg = Debug|Any CPU
		{73121BE3-8D69-4EF7-8DAA-03AE00C15484}.Debug|Any CPU.Build.0 = Debug|Any CPU
		{73121BE3-8D69-4EF7-8DAA-03AE00C15484}.Release|Any CPU.ActiveCfg = Release|Any CPU
		{73121BE3-8D69-4EF7-8DAA-03AE00C15484}.Release|Any CPU.Build.0 = Release|Any CPU
	EndGlobalSection
	GlobalSection(SolutionProperties) = preSolution
		HideSolutionNode = FALSE
	EndGlobalSection
	GlobalSection(ExtensibilityGlobals) = postSolution
		SolutionGuid = {1F40CF9E-9471-46C1-B419-5AE23CBB61DB}
	EndGlobalSection
EndGlobal
